
Microsoft Visual Studio Solution File, Format Version 12.00
# Visual Studio Version 16
VisualStudioVersion = 16.0.31515.178
MinimumVisualStudioVersion = 10.0.40219.1
Project("{888888A0-9F3D-457C-B088-3A5042F75D52}") = "CourseProject_1_Garcia", "CourseProject_1_Garcia.pyproj", "{C3A3756F-883D-4D69-9562-F2C2BFFDEBEE}"
EndProject
Global
	GlobalSection(SolutionConfigurationPlatforms) = preSolution
		Debug|Any CPU = Debug|Any CPU
		Release|Any CPU = Release|Any CPU
	EndGlobalSection
	GlobalSection(ProjectConfigurationPlatforms) = postSolution
		{C3A3756F-883D-4D69-9562-F2C2BFFDEBEE}.Debug|Any CPU.ActiveCfg = Debug|Any CPU
		{C3A3756F-883D-4D69-9562-F2C2BFFDEBEE}.Release|Any CPU.ActiveCfg = Release|Any CPU
	EndGlobalSection
	GlobalSection(SolutionProperties) = preSolution
		HideSolutionNode = FALSE
	EndGlobalSection
	GlobalSection(ExtensibilityGlobals) = postSolution
		SolutionGuid = {DA369CC1-46A4-4F78-9EF8-27B9DCEF6C15}
	EndGlobalSection
EndGlobal
